
Microsoft Visual Studio Solution File, Format Version 12.00
# Visual Studio Version 17
VisualStudioVersion = 17.6.33829.357
MinimumVisualStudioVersion = 10.0.40219.1
Project("{FAE04EC0-301F-11D3-BF4B-00C04F79EFBC}") = "Aprendizado de C#", "Aprendizado de C#\Aprendizado de C#.csproj", "{B859FB3C-B373-4895-8491-961CA0854CA7}"
EndProject
Global
	GlobalSection(SolutionConfigurationPlatforms) = preSolution
		Debug|Any CPU = Debug|Any CPU
		Release|Any CPU = Release|Any CPU
	EndGlobalSection
	GlobalSection(ProjectConfigurationPlatforms) = postSolution
		{B859FB3C-B373-4895-8491-961CA0854CA7}.Debug|Any CPU.ActiveCfg = Debug|Any CPU
		{B859FB3C-B373-4895-8491-961CA0854CA7}.Debug|Any CPU.Build.0 = Debug|Any CPU
		{B859FB3C-B373-4895-8491-961CA0854CA7}.Release|Any CPU.ActiveCfg = Release|Any CPU
		{B859FB3C-B373-4895-8491-961CA0854CA7}.Release|Any CPU.Build.0 = Release|Any CPU
	EndGlobalSection
	GlobalSection(SolutionProperties) = preSolution
		HideSolutionNode = FALSE
	EndGlobalSection
	GlobalSection(ExtensibilityGlobals) = postSolution
		SolutionGuid = {821A842B-A0B1-4E22-924D-C9CC90DC5849}
	EndGlobalSection
EndGlobal
